// !$*UTF8*$!
{
	archiveVersion = 1;
	classes = {
	};
	objectVersion = 50;
	objects = {

/* Begin PBXBuildFile section */
		170DB59526948560001F98B1 /* Networking.swift in Sources */ = {isa = PBXBuildFile; fileRef = 170DB59426948560001F98B1 /* Networking.swift */; };
		170DB59726948BEC001F98B1 /* CatApiService.swift in Sources */ = {isa = PBXBuildFile; fileRef = 170DB59626948BEC001F98B1 /* CatApiService.swift */; };
		170DB59926948F96001F98B1 /* CatViewModel.swift in Sources */ = {isa = PBXBuildFile; fileRef = 170DB59826948F96001F98B1 /* CatViewModel.swift */; };
		17ABB68B2698DE320020C47B /* ListOfCat.json in Resources */ = {isa = PBXBuildFile; fileRef = 17ABB68A2698DE320020C47B /* ListOfCat.json */; };
		17D718E326925FC100430A43 /* AppDelegate.swift in Sources */ = {isa = PBXBuildFile; fileRef = 17D718E226925FC100430A43 /* AppDelegate.swift */; };
		17D718E526925FC100430A43 /* SceneDelegate.swift in Sources */ = {isa = PBXBuildFile; fileRef = 17D718E426925FC100430A43 /* SceneDelegate.swift */; };
		17D718E726925FC100430A43 /* ViewController.swift in Sources */ = {isa = PBXBuildFile; fileRef = 17D718E626925FC100430A43 /* ViewController.swift */; };
		17D718EA26925FC100430A43 /* Main.storyboard in Resources */ = {isa = PBXBuildFile; fileRef = 17D718E826925FC100430A43 /* Main.storyboard */; };
		17D718ED26925FC100430A43 /* BackDrop_Test_App.xcdatamodeld in Sources */ = {isa = PBXBuildFile; fileRef = 17D718EB26925FC100430A43 /* BackDrop_Test_App.xcdatamodeld */; };
		17D718EF26925FC400430A43 /* Assets.xcassets in Resources */ = {isa = PBXBuildFile; fileRef = 17D718EE26925FC400430A43 /* Assets.xcassets */; };
		17D718F226925FC400430A43 /* LaunchScreen.storyboard in Resources */ = {isa = PBXBuildFile; fileRef = 17D718F026925FC400430A43 /* LaunchScreen.storyboard */; };
		17D718FD26925FC400430A43 /* BackDrop_Test_AppTests.swift in Sources */ = {isa = PBXBuildFile; fileRef = 17D718FC26925FC400430A43 /* BackDrop_Test_AppTests.swift */; };
		17D7190826925FC400430A43 /* BackDrop_Test_AppUITests.swift in Sources */ = {isa = PBXBuildFile; fileRef = 17D7190726925FC400430A43 /* BackDrop_Test_AppUITests.swift */; };
		17D7191C26934A6F00430A43 /* Constant.swift in Sources */ = {isa = PBXBuildFile; fileRef = 17D7191B26934A6E00430A43 /* Constant.swift */; };
		17D7191E269359C200430A43 /* CatModel.swift in Sources */ = {isa = PBXBuildFile; fileRef = 17D7191D269359C200430A43 /* CatModel.swift */; };
		17D719212693F20600430A43 /* TableViewCell.swift in Sources */ = {isa = PBXBuildFile; fileRef = 17D719202693F20600430A43 /* TableViewCell.swift */; };
/* End PBXBuildFile section */

/* Begin PBXContainerItemProxy section */
		17D718F926925FC400430A43 /* PBXContainerItemProxy */ = {
			isa = PBXContainerItemProxy;
			containerPortal = 17D718D726925FC000430A43 /* Project object */;
			proxyType = 1;
			remoteGlobalIDString = 17D718DE26925FC100430A43;
			remoteInfo = "BackDrop Test App";
		};
		17D7190426925FC400430A43 /* PBXContainerItemProxy */ = {
			isa = PBXContainerItemProxy;
			containerPortal = 17D718D726925FC000430A43 /* Project object */;
			proxyType = 1;
			remoteGlobalIDString = 17D718DE26925FC100430A43;
			remoteInfo = "BackDrop Test App";
		};
/* End PBXContainerItemProxy section */

/* Begin PBXFileReference section */
		170DB59426948560001F98B1 /* Networking.swift */ = {isa = PBXFileReference; fileEncoding = 4; lastKnownFileType = sourcecode.swift; path = Networking.swift; sourceTree = "<group>"; };
		170DB59626948BEC001F98B1 /* CatApiService.swift */ = {isa = PBXFileReference; fileEncoding = 4; lastKnownFileType = sourcecode.swift; path = CatApiService.swift; sourceTree = "<group>"; };
		170DB59826948F96001F98B1 /* CatViewModel.swift */ = {isa = PBXFileReference; lastKnownFileType = sourcecode.swift; path = CatViewModel.swift; sourceTree = "<group>"; };
		17ABB68A2698DE320020C47B /* ListOfCat.json */ = {isa = PBXFileReference; fileEncoding = 4; lastKnownFileType = text.json; name = ListOfCat.json; path = asset/ListOfCat.json; sourceTree = "<group>"; };
		17D718DF26925FC100430A43 /* BackDrop Test App.app */ = {isa = PBXFileReference; explicitFileType = wrapper.application; includeInIndex = 0; path = "BackDrop Test App.app"; sourceTree = BUILT_PRODUCTS_DIR; };
		17D718E226925FC100430A43 /* AppDelegate.swift */ = {isa = PBXFileReference; lastKnownFileType = sourcecode.swift; path = AppDelegate.swift; sourceTree = "<group>"; };
		17D718E426925FC100430A43 /* SceneDelegate.swift */ = {isa = PBXFileReference; lastKnownFileType = sourcecode.swift; path = SceneDelegate.swift; sourceTree = "<group>"; };
		17D718E626925FC100430A43 /* ViewController.swift */ = {isa = PBXFileReference; lastKnownFileType = sourcecode.swift; path = ViewController.swift; sourceTree = "<group>"; };
		17D718E926925FC100430A43 /* Base */ = {isa = PBXFileReference; lastKnownFileType = file.storyboard; name = Base; path = Base.lproj/Main.storyboard; sourceTree = "<group>"; };
		17D718EC26925FC100430A43 /* BackDrop_Test_App.xcdatamodel */ = {isa = PBXFileReference; lastKnownFileType = wrapper.xcdatamodel; path = BackDrop_Test_App.xcdatamodel; sourceTree = "<group>"; };
		17D718EE26925FC400430A43 /* Assets.xcassets */ = {isa = PBXFileReference; lastKnownFileType = folder.assetcatalog; path = Assets.xcassets; sourceTree = "<group>"; };
		17D718F126925FC400430A43 /* Base */ = {isa = PBXFileReference; lastKnownFileType = file.storyboard; name = Base; path = Base.lproj/LaunchScreen.storyboard; sourceTree = "<group>"; };
		17D718F326925FC400430A43 /* Info.plist */ = {isa = PBXFileReference; lastKnownFileType = text.plist.xml; path = Info.plist; sourceTree = "<group>"; };
		17D718F826925FC400430A43 /* BackDrop Test AppTests.xctest */ = {isa = PBXFileReference; explicitFileType = wrapper.cfbundle; includeInIndex = 0; path = "BackDrop Test AppTests.xctest"; sourceTree = BUILT_PRODUCTS_DIR; };
		17D718FC26925FC400430A43 /* BackDrop_Test_AppTests.swift */ = {isa = PBXFileReference; lastKnownFileType = sourcecode.swift; path = BackDrop_Test_AppTests.swift; sourceTree = "<group>"; };
		17D718FE26925FC400430A43 /* Info.plist */ = {isa = PBXFileReference; lastKnownFileType = text.plist.xml; path = Info.plist; sourceTree = "<group>"; };
		17D7190326925FC400430A43 /* BackDrop Test AppUITests.xctest */ = {isa = PBXFileReference; explicitFileType = wrapper.cfbundle; includeInIndex = 0; path = "BackDrop Test AppUITests.xctest"; sourceTree = BUILT_PRODUCTS_DIR; };
		17D7190726925FC400430A43 /* BackDrop_Test_AppUITests.swift */ = {isa = PBXFileReference; lastKnownFileType = sourcecode.swift; path = BackDrop_Test_AppUITests.swift; sourceTree = "<group>"; };
		17D7190926925FC400430A43 /* Info.plist */ = {isa = PBXFileReference; lastKnownFileType = text.plist.xml; path = Info.plist; sourceTree = "<group>"; };
		17D7191B26934A6E00430A43 /* Constant.swift */ = {isa = PBXFileReference; lastKnownFileType = sourcecode.swift; path = Constant.swift; sourceTree = "<group>"; };
		17D7191D269359C200430A43 /* CatModel.swift */ = {isa = PBXFileReference; lastKnownFileType = sourcecode.swift; path = CatModel.swift; sourceTree = "<group>"; };
		17D719202693F20600430A43 /* TableViewCell.swift */ = {isa = PBXFileReference; lastKnownFileType = sourcecode.swift; path = TableViewCell.swift; sourceTree = "<group>"; };
/* End PBXFileReference section */

/* Begin PBXFrameworksBuildPhase section */
		17D718DC26925FC100430A43 /* Frameworks */ = {
			isa = PBXFrameworksBuildPhase;
			buildActionMask = 2147483647;
			files = (
			);
			runOnlyForDeploymentPostprocessing = 0;
		};
		17D718F526925FC400430A43 /* Frameworks */ = {
			isa = PBXFrameworksBuildPhase;
			buildActionMask = 2147483647;
			files = (
			);
			runOnlyForDeploymentPostprocessing = 0;
		};
		17D7190026925FC400430A43 /* Frameworks */ = {
			isa = PBXFrameworksBuildPhase;
			buildActionMask = 2147483647;
			files = (
			);
			runOnlyForDeploymentPostprocessing = 0;
		};
/* End PBXFrameworksBuildPhase section */

/* Begin PBXGroup section */
		17ABB6872698DDC80020C47B /* asset */ = {
			isa = PBXGroup;
			children = (
				17ABB68A2698DE320020C47B /* ListOfCat.json */,
			);
			name = asset;
			sourceTree = "<group>";
		};
		17D718D626925FC000430A43 = {
			isa = PBXGroup;
			children = (
				17D718E126925FC100430A43 /* BackDrop Test App */,
				17D718FB26925FC400430A43 /* BackDrop Test AppTests */,
				17D7190626925FC400430A43 /* BackDrop Test AppUITests */,
				17D718E026925FC100430A43 /* Products */,
			);
			sourceTree = "<group>";
		};
		17D718E026925FC100430A43 /* Products */ = {
			isa = PBXGroup;
			children = (
				17D718DF26925FC100430A43 /* BackDrop Test App.app */,
				17D718F826925FC400430A43 /* BackDrop Test AppTests.xctest */,
				17D7190326925FC400430A43 /* BackDrop Test AppUITests.xctest */,
			);
			name = Products;
			sourceTree = "<group>";
		};
		17D718E126925FC100430A43 /* BackDrop Test App */ = {
			isa = PBXGroup;
			children = (
				17ABB6872698DDC80020C47B /* asset */,
				17D7191A26934A5700430A43 /* constant */,
				17D719192692616D00430A43 /* viewController */,
				17D719182692606800430A43 /* view */,
				17D719172692605D00430A43 /* viewModel */,
				17D719162692605300430A43 /* model */,
				17D719152692604700430A43 /* service */,
				17D718E226925FC100430A43 /* AppDelegate.swift */,
				17D718E426925FC100430A43 /* SceneDelegate.swift */,
				17D718EE26925FC400430A43 /* Assets.xcassets */,
				17D718F326925FC400430A43 /* Info.plist */,
				17D718EB26925FC100430A43 /* BackDrop_Test_App.xcdatamodeld */,
			);
			path = "BackDrop Test App";
			sourceTree = "<group>";
		};
		17D718FB26925FC400430A43 /* BackDrop Test AppTests */ = {
			isa = PBXGroup;
			children = (
				17D718FC26925FC400430A43 /* BackDrop_Test_AppTests.swift */,
				17D718FE26925FC400430A43 /* Info.plist */,
			);
			path = "BackDrop Test AppTests";
			sourceTree = "<group>";
		};
		17D7190626925FC400430A43 /* BackDrop Test AppUITests */ = {
			isa = PBXGroup;
			children = (
				17D7190726925FC400430A43 /* BackDrop_Test_AppUITests.swift */,
				17D7190926925FC400430A43 /* Info.plist */,
			);
			path = "BackDrop Test AppUITests";
			sourceTree = "<group>";
		};
		17D719152692604700430A43 /* service */ = {
			isa = PBXGroup;
			children = (
				170DB59626948BEC001F98B1 /* CatApiService.swift */,
				170DB59426948560001F98B1 /* Networking.swift */,
			);
			path = service;
			sourceTree = "<group>";
		};
		17D719162692605300430A43 /* model */ = {
			isa = PBXGroup;
			children = (
				17D7191D269359C200430A43 /* CatModel.swift */,
			);
			path = model;
			sourceTree = "<group>";
		};
		17D719172692605D00430A43 /* viewModel */ = {
			isa = PBXGroup;
			children = (
				170DB59826948F96001F98B1 /* CatViewModel.swift */,
			);
			path = viewModel;
			sourceTree = "<group>";
		};
		17D719182692606800430A43 /* view */ = {
			isa = PBXGroup;
			children = (
				17D718E826925FC100430A43 /* Main.storyboard */,
				17D718F026925FC400430A43 /* LaunchScreen.storyboard */,
			);
			path = view;
			sourceTree = "<group>";
		};
		17D719192692616D00430A43 /* viewController */ = {
			isa = PBXGroup;
			children = (
				17D7191F2693F1D800430A43 /* cells */,
				17D718E626925FC100430A43 /* ViewController.swift */,
			);
			path = viewController;
			sourceTree = "<group>";
		};
		17D7191A26934A5700430A43 /* constant */ = {
			isa = PBXGroup;
			children = (
				17D7191B26934A6E00430A43 /* Constant.swift */,
			);
			path = constant;
			sourceTree = "<group>";
		};
		17D7191F2693F1D800430A43 /* cells */ = {
			isa = PBXGroup;
			children = (
				17D719202693F20600430A43 /* TableViewCell.swift */,
			);
			path = cells;
			sourceTree = "<group>";
		};
/* End PBXGroup section */

/* Begin PBXNativeTarget section */
		17D718DE26925FC100430A43 /* BackDrop Test App */ = {
			isa = PBXNativeTarget;
			buildConfigurationList = 17D7190C26925FC400430A43 /* Build configuration list for PBXNativeTarget "BackDrop Test App" */;
			buildPhases = (
				17D718DB26925FC100430A43 /* Sources */,
				17D718DC26925FC100430A43 /* Frameworks */,
				17D718DD26925FC100430A43 /* Resources */,
			);
			buildRules = (
			);
			dependencies = (
			);
			name = "BackDrop Test App";
			productName = "BackDrop Test App";
			productReference = 17D718DF26925FC100430A43 /* BackDrop Test App.app */;
			productType = "com.apple.product-type.application";
		};
		17D718F726925FC400430A43 /* BackDrop Test AppTests */ = {
			isa = PBXNativeTarget;
			buildConfigurationList = 17D7190F26925FC400430A43 /* Build configuration list for PBXNativeTarget "BackDrop Test AppTests" */;
			buildPhases = (
				17D718F426925FC400430A43 /* Sources */,
				17D718F526925FC400430A43 /* Frameworks */,
				17D718F626925FC400430A43 /* Resources */,
			);
			buildRules = (
			);
			dependencies = (
				17D718FA26925FC400430A43 /* PBXTargetDependency */,
			);
			name = "BackDrop Test AppTests";
			productName = "BackDrop Test AppTests";
			productReference = 17D718F826925FC400430A43 /* BackDrop Test AppTests.xctest */;
			productType = "com.apple.product-type.bundle.unit-test";
		};
		17D7190226925FC400430A43 /* BackDrop Test AppUITests */ = {
			isa = PBXNativeTarget;
			buildConfigurationList = 17D7191226925FC400430A43 /* Build configuration list for PBXNativeTarget "BackDrop Test AppUITests" */;
			buildPhases = (
				17D718FF26925FC400430A43 /* Sources */,
				17D7190026925FC400430A43 /* Frameworks */,
				17D7190126925FC400430A43 /* Resources */,
			);
			buildRules = (
			);
			dependencies = (
				17D7190526925FC400430A43 /* PBXTargetDependency */,
			);
			name = "BackDrop Test AppUITests";
			productName = "BackDrop Test AppUITests";
			productReference = 17D7190326925FC400430A43 /* BackDrop Test AppUITests.xctest */;
			productType = "com.apple.product-type.bundle.ui-testing";
		};
/* End PBXNativeTarget section */

/* Begin PBXProject section */
		17D718D726925FC000430A43 /* Project object */ = {
			isa = PBXProject;
			attributes = {
				LastSwiftUpdateCheck = 1250;
				LastUpgradeCheck = 1250;
				TargetAttributes = {
					17D718DE26925FC100430A43 = {
						CreatedOnToolsVersion = 12.5.1;
					};
					17D718F726925FC400430A43 = {
						CreatedOnToolsVersion = 12.5.1;
						TestTargetID = 17D718DE26925FC100430A43;
					};
					17D7190226925FC400430A43 = {
						CreatedOnToolsVersion = 12.5.1;
						TestTargetID = 17D718DE26925FC100430A43;
					};
				};
			};
			buildConfigurationList = 17D718DA26925FC000430A43 /* Build configuration list for PBXProject "BackDrop Test App" */;
			compatibilityVersion = "Xcode 9.3";
			developmentRegion = en;
			hasScannedForEncodings = 0;
			knownRegions = (
				en,
				Base,
			);
			mainGroup = 17D718D626925FC000430A43;
			productRefGroup = 17D718E026925FC100430A43 /* Products */;
			projectDirPath = "";
			projectRoot = "";
			targets = (
				17D718DE26925FC100430A43 /* BackDrop Test App */,
				17D718F726925FC400430A43 /* BackDrop Test AppTests */,
				17D7190226925FC400430A43 /* BackDrop Test AppUITests */,
			);
		};
/* End PBXProject section */

/* Begin PBXResourcesBuildPhase section */
		17D718DD26925FC100430A43 /* Resources */ = {
			isa = PBXResourcesBuildPhase;
			buildActionMask = 2147483647;
			files = (
				17D718F226925FC400430A43 /* LaunchScreen.storyboard in Resources */,
				17D718EF26925FC400430A43 /* Assets.xcassets in Resources */,
				17D718EA26925FC100430A43 /* Main.storyboard in Resources */,
				17ABB68B2698DE320020C47B /* ListOfCat.json in Resources */,
			);
			runOnlyForDeploymentPostprocessing = 0;
		};
		17D718F626925FC400430A43 /* Resources */ = {
			isa = PBXResourcesBuildPhase;
			buildActionMask = 2147483647;
			files = (
			);
			runOnlyForDeploymentPostprocessing = 0;
		};
		17D7190126925FC400430A43 /* Resources */ = {
			isa = PBXResourcesBuildPhase;
			buildActionMask = 2147483647;
			files = (
			);
			runOnlyForDeploymentPostprocessing = 0;
		};
/* End PBXResourcesBuildPhase section */

/* Begin PBXSourcesBuildPhase section */
		17D718DB26925FC100430A43 /* Sources */ = {
			isa = PBXSourcesBuildPhase;
			buildActionMask = 2147483647;
			files = (
				17D7191E269359C200430A43 /* CatModel.swift in Sources */,
				17D718E726925FC100430A43 /* ViewController.swift in Sources */,
				17D718E326925FC100430A43 /* AppDelegate.swift in Sources */,
				170DB59926948F96001F98B1 /* CatViewModel.swift in Sources */,
				170DB59726948BEC001F98B1 /* CatApiService.swift in Sources */,
				170DB59526948560001F98B1 /* Networking.swift in Sources */,
				17D7191C26934A6F00430A43 /* Constant.swift in Sources */,
				17D718E526925FC100430A43 /* SceneDelegate.swift in Sources */,
				17D719212693F20600430A43 /* TableViewCell.swift in Sources */,
				17D718ED26925FC100430A43 /* BackDrop_Test_App.xcdatamodeld in Sources */,
			);
			runOnlyForDeploymentPostprocessing = 0;
		};
		17D718F426925FC400430A43 /* Sources */ = {
			isa = PBXSourcesBuildPhase;
			buildActionMask = 2147483647;
			files = (
				17D718FD26925FC400430A43 /* BackDrop_Test_AppTests.swift in Sources */,
			);
			runOnlyForDeploymentPostprocessing = 0;
		};
		17D718FF26925FC400430A43 /* Sources */ = {
			isa = PBXSourcesBuildPhase;
			buildActionMask = 2147483647;
			files = (
				17D7190826925FC400430A43 /* BackDrop_Test_AppUITests.swift in Sources */,
			);
			runOnlyForDeploymentPostprocessing = 0;
		};
/* End PBXSourcesBuildPhase section */

/* Begin PBXTargetDependency section */
		17D718FA26925FC400430A43 /* PBXTargetDependency */ = {
			isa = PBXTargetDependency;
			target = 17D718DE26925FC100430A43 /* BackDrop Test App */;
			targetProxy = 17D718F926925FC400430A43 /* PBXContainerItemProxy */;
		};
		17D7190526925FC400430A43 /* PBXTargetDependency */ = {
			isa = PBXTargetDependency;
			target = 17D718DE26925FC100430A43 /* BackDrop Test App */;
			targetProxy = 17D7190426925FC400430A43 /* PBXContainerItemProxy */;
		};
/* End PBXTargetDependency section */

/* Begin PBXVariantGroup section */
		17D718E826925FC100430A43 /* Main.storyboard */ = {
			isa = PBXVariantGroup;
			children = (
				17D718E926925FC100430A43 /* Base */,
			);
			name = Main.storyboard;
			sourceTree = "<group>";
		};
		17D718F026925FC400430A43 /* LaunchScreen.storyboard */ = {
			isa = PBXVariantGroup;
			children = (
				17D718F126925FC400430A43 /* Base */,
			);
			name = LaunchScreen.storyboard;
			sourceTree = "<group>";
		};
/* End PBXVariantGroup section */

/* Begin XCBuildConfiguration section */
		17D7190A26925FC400430A43 /* Debug */ = {
			isa = XCBuildConfiguration;
			buildSettings = {
				ALWAYS_SEARCH_USER_PATHS = NO;
				CLANG_ANALYZER_NONNULL = YES;
				CLANG_ANALYZER_NUMBER_OBJECT_CONVERSION = YES_AGGRESSIVE;
				CLANG_CXX_LANGUAGE_STANDARD = "gnu++14";
				CLANG_CXX_LIBRARY = "libc++";
				CLANG_ENABLE_MODULES = YES;
				CLANG_ENABLE_OBJC_ARC = YES;
				CLANG_ENABLE_OBJC_WEAK = YES;
				CLANG_WARN_BLOCK_CAPTURE_AUTORELEASING = YES;
				CLANG_WARN_BOOL_CONVERSION = YES;
				CLANG_WARN_COMMA = YES;
				CLANG_WARN_CONSTANT_CONVERSION = YES;
				CLANG_WARN_DEPRECATED_OBJC_IMPLEMENTATIONS = YES;
				CLANG_WARN_DIRECT_OBJC_ISA_USAGE = YES_ERROR;
				CLANG_WARN_DOCUMENTATION_COMMENTS = YES;
				CLANG_WARN_EMPTY_BODY = YES;
				CLANG_WARN_ENUM_CONVERSION = YES;
				CLANG_WARN_INFINITE_RECURSION = YES;
				CLANG_WARN_INT_CONVERSION = YES;
				CLANG_WARN_NON_LITERAL_NULL_CONVERSION = YES;
				CLANG_WARN_OBJC_IMPLICIT_RETAIN_SELF = YES;
				CLANG_WARN_OBJC_LITERAL_CONVERSION = YES;
				CLANG_WARN_OBJC_ROOT_CLASS = YES_ERROR;
				CLANG_WARN_QUOTED_INCLUDE_IN_FRAMEWORK_HEADER = YES;
				CLANG_WARN_RANGE_LOOP_ANALYSIS = YES;
				CLANG_WARN_STRICT_PROTOTYPES = YES;
				CLANG_WARN_SUSPICIOUS_MOVE = YES;
				CLANG_WARN_UNGUARDED_AVAILABILITY = YES_AGGRESSIVE;
				CLANG_WARN_UNREACHABLE_CODE = YES;
				CLANG_WARN__DUPLICATE_METHOD_MATCH = YES;
				COPY_PHASE_STRIP = NO;
				DEBUG_INFORMATION_FORMAT = dwarf;
				ENABLE_STRICT_OBJC_MSGSEND = YES;
				ENABLE_TESTABILITY = YES;
				GCC_C_LANGUAGE_STANDARD = gnu11;
				GCC_DYNAMIC_NO_PIC = NO;
				GCC_NO_COMMON_BLOCKS = YES;
				GCC_OPTIMIZATION_LEVEL = 0;
				GCC_PREPROCESSOR_DEFINITIONS = (
					"DEBUG=1",
					"$(inherited)",
				);
				GCC_WARN_64_TO_32_BIT_CONVERSION = YES;
				GCC_WARN_ABOUT_RETURN_TYPE = YES_ERROR;
				GCC_WARN_UNDECLARED_SELECTOR = YES;
				GCC_WARN_UNINITIALIZED_AUTOS = YES_AGGRESSIVE;
				GCC_WARN_UNUSED_FUNCTION = YES;
				GCC_WARN_UNUSED_VARIABLE = YES;
				IPHONEOS_DEPLOYMENT_TARGET = 11.2;
				MTL_ENABLE_DEBUG_INFO = INCLUDE_SOURCE;
				MTL_FAST_MATH = YES;
				ONLY_ACTIVE_ARCH = YES;
				SDKROOT = iphoneos;
				SWIFT_ACTIVE_COMPILATION_CONDITIONS = DEBUG;
				SWIFT_OPTIMIZATION_LEVEL = "-Onone";
			};
			name = Debug;
		};
		17D7190B26925FC400430A43 /* Release */ = {
			isa = XCBuildConfiguration;
			buildSettings = {
				ALWAYS_SEARCH_USER_PATHS = NO;
				CLANG_ANALYZER_NONNULL = YES;
				CLANG_ANALYZER_NUMBER_OBJECT_CONVERSION = YES_AGGRESSIVE;
				CLANG_CXX_LANGUAGE_STANDARD = "gnu++14";
				CLANG_CXX_LIBRARY = "libc++";
				CLANG_ENABLE_MODULES = YES;
				CLANG_ENABLE_OBJC_ARC = YES;
				CLANG_ENABLE_OBJC_WEAK = YES;
				CLANG_WARN_BLOCK_CAPTURE_AUTORELEASING = YES;
				CLANG_WARN_BOOL_CONVERSION = YES;
				CLANG_WARN_COMMA = YES;
				CLANG_WARN_CONSTANT_CONVERSION = YES;
				CLANG_WARN_DEPRECATED_OBJC_IMPLEMENTATIONS = YES;
				CLANG_WARN_DIRECT_OBJC_ISA_USAGE = YES_ERROR;
				CLANG_WARN_DOCUMENTATION_COMMENTS = YES;
				CLANG_WARN_EMPTY_BODY = YES;
				CLANG_WARN_ENUM_CONVERSION = YES;
				CLANG_WARN_INFINITE_RECURSION = YES;
				CLANG_WARN_INT_CONVERSION = YES;
				CLANG_WARN_NON_LITERAL_NULL_CONVERSION = YES;
				CLANG_WARN_OBJC_IMPLICIT_RETAIN_SELF = YES;
				CLANG_WARN_OBJC_LITERAL_CONVERSION = YES;
				CLANG_WARN_OBJC_ROOT_CLASS = YES_ERROR;
				CLANG_WARN_QUOTED_INCLUDE_IN_FRAMEWORK_HEADER = YES;
				CLANG_WARN_RANGE_LOOP_ANALYSIS = YES;
				CLANG_WARN_STRICT_PROTOTYPES = YES;
				CLANG_WARN_SUSPICIOUS_MOVE = YES;
				CLANG_WARN_UNGUARDED_AVAILABILITY = YES_AGGRESSIVE;
				CLANG_WARN_UNREACHABLE_CODE = YES;
				CLANG_WARN__DUPLICATE_METHOD_MATCH = YES;
				COPY_PHASE_STRIP = NO;
				DEBUG_INFORMATION_FORMAT = "dwarf-with-dsym";
				ENABLE_NS_ASSERTIONS = NO;
				ENABLE_STRICT_OBJC_MSGSEND = YES;
				GCC_C_LANGUAGE_STANDARD = gnu11;
				GCC_NO_COMMON_BLOCKS = YES;
				GCC_WARN_64_TO_32_BIT_CONVERSION = YES;
				GCC_WARN_ABOUT_RETURN_TYPE = YES_ERROR;
				GCC_WARN_UNDECLARED_SELECTOR = YES;
				GCC_WARN_UNINITIALIZED_AUTOS = YES_AGGRESSIVE;
				GCC_WARN_UNUSED_FUNCTION = YES;
				GCC_WARN_UNUSED_VARIABLE = YES;
				IPHONEOS_DEPLOYMENT_TARGET = 11.2;
				MTL_ENABLE_DEBUG_INFO = NO;
				MTL_FAST_MATH = YES;
				SDKROOT = iphoneos;
				SWIFT_COMPILATION_MODE = wholemodule;
				SWIFT_OPTIMIZATION_LEVEL = "-O";
				VALIDATE_PRODUCT = YES;
			};
			name = Release;
		};
		17D7190D26925FC400430A43 /* Debug */ = {
			isa = XCBuildConfiguration;
			buildSettings = {
				ASSETCATALOG_COMPILER_APPICON_NAME = AppIcon;
				ASSETCATALOG_COMPILER_GLOBAL_ACCENT_COLOR_NAME = AccentColor;
				CODE_SIGN_STYLE = Automatic;
				DEVELOPMENT_TEAM = L8BVK6DZ7Q;
				INFOPLIST_FILE = "BackDrop Test App/Info.plist";
				LD_RUNPATH_SEARCH_PATHS = (
					"$(inherited)",
					"@executable_path/Frameworks",
				);
				PRODUCT_BUNDLE_IDENTIFIER = "me.BackDrop-Test-App";
				PRODUCT_NAME = "$(TARGET_NAME)";
				SWIFT_VERSION = 5.0;
				TARGETED_DEVICE_FAMILY = "1,2";
			};
			name = Debug;
		};
		17D7190E26925FC400430A43 /* Release */ = {
			isa = XCBuildConfiguration;
			buildSettings = {
				ASSETCATALOG_COMPILER_APPICON_NAME = AppIcon;
				ASSETCATALOG_COMPILER_GLOBAL_ACCENT_COLOR_NAME = AccentColor;
				CODE_SIGN_STYLE = Automatic;
				DEVELOPMENT_TEAM = L8BVK6DZ7Q;
				INFOPLIST_FILE = "BackDrop Test App/Info.plist";
				LD_RUNPATH_SEARCH_PATHS = (
					"$(inherited)",
					"@executable_path/Frameworks",
				);
				PRODUCT_BUNDLE_IDENTIFIER = "me.BackDrop-Test-App";
				PRODUCT_NAME = "$(TARGET_NAME)";
				SWIFT_VERSION = 5.0;
				TARGETED_DEVICE_FAMILY = "1,2";
			};
			name = Release;
		};
		17D7191026925FC400430A43 /* Debug */ = {
			isa = XCBuildConfiguration;
			buildSettings = {
				ALWAYS_EMBED_SWIFT_STANDARD_LIBRARIES = YES;
				BUNDLE_LOADER = "$(TEST_HOST)";
				CODE_SIGN_STYLE = Automatic;
				DEVELOPMENT_TEAM = L8BVK6DZ7Q;
				INFOPLIST_FILE = "BackDrop Test AppTests/Info.plist";
				IPHONEOS_DEPLOYMENT_TARGET = 14.5;
				LD_RUNPATH_SEARCH_PATHS = (
					"$(inherited)",
					"@executable_path/Frameworks",
					"@loader_path/Frameworks",
				);
				PRODUCT_BUNDLE_IDENTIFIER = "me.BackDrop-Test-AppTests";
				PRODUCT_NAME = "$(TARGET_NAME)";
				SWIFT_VERSION = 5.0;
				TARGETED_DEVICE_FAMILY = "1,2";
				TEST_HOST = "$(BUILT_PRODUCTS_DIR)/BackDrop Test App.app/BackDrop Test App";
			};
			name = Debug;
		};
		17D7191126925FC400430A43 /* Release */ = {
			isa = XCBuildConfiguration;
			buildSettings = {
				ALWAYS_EMBED_SWIFT_STANDARD_LIBRARIES = YES;
				BUNDLE_LOADER = "$(TEST_HOST)";
				CODE_SIGN_STYLE = Automatic;
				DEVELOPMENT_TEAM = L8BVK6DZ7Q;
				INFOPLIST_FILE = "BackDrop Test AppTests/Info.plist";
				IPHONEOS_DEPLOYMENT_TARGET = 14.5;
				LD_RUNPATH_SEARCH_PATHS = (
					"$(inherited)",
					"@executable_path/Frameworks",
					"@loader_path/Frameworks",
				);
				PRODUCT_BUNDLE_IDENTIFIER = "me.BackDrop-Test-AppTests";
				PRODUCT_NAME = "$(TARGET_NAME)";
				SWIFT_VERSION = 5.0;
				TARGETED_DEVICE_FAMILY = "1,2";
				TEST_HOST = "$(BUILT_PRODUCTS_DIR)/BackDrop Test App.app/BackDrop Test App";
			};
			name = Release;
		};
		17D7191326925FC400430A43 /* Debug */ = {
			isa = XCBuildConfiguration;
			buildSettings = {
				ALWAYS_EMBED_SWIFT_STANDARD_LIBRARIES = YES;
				CODE_SIGN_STYLE = Automatic;
				DEVELOPMENT_TEAM = L8BVK6DZ7Q;
				INFOPLIST_FILE = "BackDrop Test AppUITests/Info.plist";
				LD_RUNPATH_SEARCH_PATHS = (
					"$(inherited)",
					"@executable_path/Frameworks",
					"@loader_path/Frameworks",
				);
				PRODUCT_BUNDLE_IDENTIFIER = "me.BackDrop-Test-AppUITests";
				PRODUCT_NAME = "$(TARGET_NAME)";
				SWIFT_VERSION = 5.0;
				TARGETED_DEVICE_FAMILY = "1,2";
				TEST_TARGET_NAME = "BackDrop Test App";
			};
			name = Debug;
		};
		17D7191426925FC400430A43 /* Release */ = {
			isa = XCBuildConfiguration;
			buildSettings = {
				ALWAYS_EMBED_SWIFT_STANDARD_LIBRARIES = YES;
				CODE_SIGN_STYLE = Automatic;
				DEVELOPMENT_TEAM = L8BVK6DZ7Q;
				INFOPLIST_FILE = "BackDrop Test AppUITests/Info.plist";
				LD_RUNPATH_SEARCH_PATHS = (
					"$(inherited)",
					"@executable_path/Frameworks",
					"@loader_path/Frameworks",
				);
				PRODUCT_BUNDLE_IDENTIFIER = "me.BackDrop-Test-AppUITests";
				PRODUCT_NAME = "$(TARGET_NAME)";
				SWIFT_VERSION = 5.0;
				TARGETED_DEVICE_FAMILY = "1,2";
				TEST_TARGET_NAME = "BackDrop Test App";
			};
			name = Release;
		};
/* End XCBuildConfiguration section */

/* Begin XCConfigurationList section */
		17D718DA26925FC000430A43 /* Build configuration list for PBXProject "BackDrop Test App" */ = {
			isa = XCConfigurationList;
			buildConfigurations = (
				17D7190A26925FC400430A43 /* Debug */,
				17D7190B26925FC400430A43 /* Release */,
			);
			defaultConfigurationIsVisible = 0;
			defaultConfigurationName = Release;
		};
		17D7190C26925FC400430A43 /* Build configuration list for PBXNativeTarget "BackDrop Test App" */ = {
			isa = XCConfigurationList;
			buildConfigurations = (
				17D7190D26925FC400430A43 /* Debug */,
				17D7190E26925FC400430A43 /* Release */,
			);
			defaultConfigurationIsVisible = 0;
			defaultConfigurationName = Release;
		};
		17D7190F26925FC400430A43 /* Build configuration list for PBXNativeTarget "BackDrop Test AppTests" */ = {
			isa = XCConfigurationList;
			buildConfigurations = (
				17D7191026925FC400430A43 /* Debug */,
				17D7191126925FC400430A43 /* Release */,
			);
			defaultConfigurationIsVisible = 0;
			defaultConfigurationName = Release;
		};
		17D7191226925FC400430A43 /* Build configuration list for PBXNativeTarget "BackDrop Test AppUITests" */ = {
			isa = XCConfigurationList;
			buildConfigurations = (
				17D7191326925FC400430A43 /* Debug */,
				17D7191426925FC400430A43 /* Release */,
			);
			defaultConfigurationIsVisible = 0;
			defaultConfigurationName = Release;
		};
/* End XCConfigurationList section */

/* Begin XCVersionGroup section */
		17D718EB26925FC100430A43 /* BackDrop_Test_App.xcdatamodeld */ = {
			isa = XCVersionGroup;
			children = (
				17D718EC26925FC100430A43 /* BackDrop_Test_App.xcdatamodel */,
			);
			currentVersion = 17D718EC26925FC100430A43 /* BackDrop_Test_App.xcdatamodel */;
			path = BackDrop_Test_App.xcdatamodeld;
			sourceTree = "<group>";
			versionGroupType = wrapper.xcdatamodel;
		};
/* End XCVersionGroup section */
	};
	rootObject = 17D718D726925FC000430A43 /* Project object */;
}
